version: 2.0
shards:
  admiral:
    git: https://github.com/jwaldrip/admiral.cr.git
    version: 1.12.1

  ameba:
    git: https://github.com/crystal-ameba/ameba.git
    version: 1.3.1

  crest:
    git: https://github.com/mamantoha/crest.git
    version: 1.3.11

  crinja:
    git: https://github.com/straight-shoota/crinja.git
    version: 0.8.1

  cron_parser:
    git: https://github.com/kostya/cron_parser.git
    version: 0.4.0

  future:
    git: https://github.com/crystal-community/future.cr.git
    version: 1.0.0

  http-client-digest_auth:
    git: https://github.com/mamantoha/http-client-digest_auth.git
    version: 0.6.0

  http_proxy:
    git: https://github.com/mamantoha/http_proxy.git
    version: 0.10.1

  ipaddress:
    git: https://github.com/sija/ipaddress.cr.git
    version: 0.2.3

  retriable:
    git: https://github.com/sija/retriable.cr.git
    version: 0.2.4

  ssh2:
    git: https://github.com/spider-gazelle/ssh2.cr.git
    version: 1.5.3+git.commit.2274d4cf0aceeb2f324b0e674e99e3eba5f6d683

  tasker:
    git: https://github.com/spider-gazelle/tasker.git
    version: 2.0.7

