version: 2.0
shards:
  admiral:
    git: https://github.com/jwaldrip/admiral.cr.git
    version: 1.12.1

  crest:
    git: https://github.com/mamantoha/crest.git
    version: 1.3.1

  http-client-digest_auth:
    git: https://github.com/mamantoha/http-client-digest_auth.git
    version: 0.6.0

  http_proxy:
    git: https://github.com/mamantoha/http_proxy.git
    version: 0.9.0

  popcorn:
    git: https://github.com/icyleaf/popcorn.git
    version: 0.3.0

  totem:
    git: https://github.com/icyleaf/totem.git
    version: 0.7.0

